
Microsoft Visual Studio Solution File, Format Version 12.00
# Visual Studio Version 17
VisualStudioVersion = 17.8.34309.116
MinimumVisualStudioVersion = 10.0.40219.1
Project("{8BC9CEB8-8B4A-11D0-8D11-00A0C91BC942}") = "Yahtzee", "Yahtzee.vcxproj", "{0F660B9F-56AD-4D12-8097-8EB4AF901608}"
EndProject
Global
	GlobalSection(SolutionConfigurationPlatforms) = preSolution
		Debug|x64 = Debug|x64
		Debug|x86 = Debug|x86
		Release|x64 = Release|x64
		Release|x86 = Release|x86
	EndGlobalSection
	GlobalSection(ProjectConfigurationPlatforms) = postSolution
		{0F660B9F-56AD-4D12-8097-8EB4AF901608}.Debug|x64.ActiveCfg = Debug|x64
		{0F660B9F-56AD-4D12-8097-8EB4AF901608}.Debug|x64.Build.0 = Debug|x64
		{0F660B9F-56AD-4D12-8097-8EB4AF901608}.Debug|x86.ActiveCfg = Debug|Win32
		{0F660B9F-56AD-4D12-8097-8EB4AF901608}.Debug|x86.Build.0 = Debug|Win32
		{0F660B9F-56AD-4D12-8097-8EB4AF901608}.Release|x64.ActiveCfg = Release|x64
		{0F660B9F-56AD-4D12-8097-8EB4AF901608}.Release|x64.Build.0 = Release|x64
		{0F660B9F-56AD-4D12-8097-8EB4AF901608}.Release|x86.ActiveCfg = Release|Win32
		{0F660B9F-56AD-4D12-8097-8EB4AF901608}.Release|x86.Build.0 = Release|Win32
	EndGlobalSection
	GlobalSection(SolutionProperties) = preSolution
		HideSolutionNode = FALSE
	EndGlobalSection
	GlobalSection(ExtensibilityGlobals) = postSolution
		SolutionGuid = {7EFA2D86-E598-4E20-867F-6ABB43DC92DE}
	EndGlobalSection
EndGlobal
