<?xml version="1.0" encoding="utf-8"?>
<Project ToolsVersion="4.0" xmlns="http://schemas.microsoft.com/developer/msbuild/2003">
  <ItemGroup>
    <Filter Include="Headers">
      <UniqueIdentifier>{93995380-89BD-4b04-88EB-625FBE52EBFB}</UniqueIdentifier>
      <Extensions>h;hh;hpp;hxx;h++;hm;inl;inc;ipp;xsd</Extensions>
    </Filter>
    <Filter Include="Other">
      <UniqueIdentifier>{67DA6AB6-F800-4c08-8B7A-83BB121AAD01}</UniqueIdentifier>
      <Extensions>rc;ico;cur;bmp;dlg;rc2;rct;bin;rgs;gif;jpg;jpeg;jpe;resx;tiff;tif;png;wav;mfcribbon-ms</Extensions>
    </Filter>
    <Filter Include="Source">
      <UniqueIdentifier>{4FC737F1-C7A5-4376-A066-2A32D752A2FF}</UniqueIdentifier>
      <Extensions>cpp;c;cc;cxx;c++;cppm;ixx;def;odl;idl;hpj;bat;asm;asmx</Extensions>
    </Filter>
  </ItemGroup>
  <ItemGroup>
    <ClCompile Include="Yahtzee.cpp">
      <Filter>Source</Filter>
    </ClCompile>
    <ClCompile Include="Model\Die.cpp">
      <Filter>Source</Filter>
    </ClCompile>
    <ClCompile Include="View\ViewDefault.cpp">
      <Filter>Source</Filter>
    </ClCompile>
    <ClCompile Include="Model\Model.cpp">
      <Filter>Source</Filter>
    </ClCompile>
    <ClCompile Include="Model\Player.cpp">
      <Filter>Source</Filter>
    </ClCompile>
    <ClCompile Include="Controller\Game.cpp">
      <Filter>Source</Filter>
    </ClCompile>
    <ClCompile Include="Controller\Turn.cpp">
      <Filter>Source</Filter>
    </ClCompile>
    <ClCompile Include="Controller\Input.cpp">
      <Filter>Source</Filter>
    </ClCompile>
    <ClCompile Include="View\SpritesLoader.cpp">
      <Filter>Source</Filter>
    </ClCompile>
    <ClCompile Include="View\ViewTable.cpp">
      <Filter>Source</Filter>
    </ClCompile>
  </ItemGroup>
  <ItemGroup>
    <ClInclude Include="Model\Die.h">
      <Filter>Headers</Filter>
    </ClInclude>
    <ClInclude Include="Model\Model.h">
      <Filter>Headers</Filter>
    </ClInclude>
    <ClInclude Include="View\View.h">
      <Filter>Headers</Filter>
    </ClInclude>
    <ClInclude Include="Model\Combos.h">
      <Filter>Headers</Filter>
    </ClInclude>
    <ClInclude Include="Global\Rules.h">
      <Filter>Headers</Filter>
    </ClInclude>
    <ClInclude Include="Model\Player.h">
      <Filter>Headers</Filter>
    </ClInclude>
    <ClInclude Include="Global\ScoreKinds.h">
      <Filter>Headers</Filter>
    </ClInclude>
    <ClInclude Include="Controller\Game.h">
      <Filter>Headers</Filter>
    </ClInclude>
    <ClInclude Include="Controller\Turn.h">
      <Filter>Headers</Filter>
    </ClInclude>
    <ClInclude Include="Controller\Input.h">
      <Filter>Headers</Filter>
    </ClInclude>
    <ClInclude Include="View\SpritesLoader.h">
      <Filter>Headers</Filter>
    </ClInclude>
  </ItemGroup>
  <ItemGroup>
    <Text Include="Resources\Sprites.txt" />
  </ItemGroup>
</Project>